
Microsoft Visual Studio Solution File, Format Version 12.00
# Visual Studio Version 16
VisualStudioVersion = 16.0.32929.386
MinimumVisualStudioVersion = 10.0.40219.1
Project("{FAE04EC0-301F-11D3-BF4B-00C04F79EFBC}") = "ApiConsumerLibrary", "ApiConsumerLibrary\ApiConsumerLibrary.csproj", "{8986F507-EBFF-44E3-9395-7E8BDE48CF3E}"
EndProject
Global
	GlobalSection(SolutionConfigurationPlatforms) = preSolution
		Debug|Any CPU = Debug|Any CPU
		Release|Any CPU = Release|Any CPU
	EndGlobalSection
	GlobalSection(ProjectConfigurationPlatforms) = postSolution
		{8986F507-EBFF-44E3-9395-7E8BDE48CF3E}.Debug|Any CPU.ActiveCfg = Debug|Any CPU
		{8986F507-EBFF-44E3-9395-7E8BDE48CF3E}.Debug|Any CPU.Build.0 = Debug|Any CPU
		{8986F507-EBFF-44E3-9395-7E8BDE48CF3E}.Release|Any CPU.ActiveCfg = Release|Any CPU
		{8986F507-EBFF-44E3-9395-7E8BDE48CF3E}.Release|Any CPU.Build.0 = Release|Any CPU
	EndGlobalSection
	GlobalSection(SolutionProperties) = preSolution
		HideSolutionNode = FALSE
	EndGlobalSection
	GlobalSection(ExtensibilityGlobals) = postSolution
		SolutionGuid = {9E3177FF-AFF9-419F-9E80-6CB158255902}
	EndGlobalSection
EndGlobal
